
Microsoft Visual Studio Solution File, Format Version 12.00
# Visual Studio Version 16
VisualStudioVersion = 16.0.31112.23
MinimumVisualStudioVersion = 10.0.40219.1
Project("{FAE04EC0-301F-11D3-BF4B-00C04F79EFBC}") = "appi", "appi\appi.csproj", "{75A8597A-B420-4E04-97D9-5408EB3074D2}"
EndProject
Global
	GlobalSection(SolutionConfigurationPlatforms) = preSolution
		Debug|Any CPU = Debug|Any CPU
		Release|Any CPU = Release|Any CPU
	EndGlobalSection
	GlobalSection(ProjectConfigurationPlatforms) = postSolution
		{75A8597A-B420-4E04-97D9-5408EB3074D2}.Debug|Any CPU.ActiveCfg = Debug|Any CPU
		{75A8597A-B420-4E04-97D9-5408EB3074D2}.Debug|Any CPU.Build.0 = Debug|Any CPU
		{75A8597A-B420-4E04-97D9-5408EB3074D2}.Release|Any CPU.ActiveCfg = Release|Any CPU
		{75A8597A-B420-4E04-97D9-5408EB3074D2}.Release|Any CPU.Build.0 = Release|Any CPU
	EndGlobalSection
	GlobalSection(SolutionProperties) = preSolution
		HideSolutionNode = FALSE
	EndGlobalSection
	GlobalSection(ExtensibilityGlobals) = postSolution
		SolutionGuid = {D1A5611E-C01F-48A2-86E8-AE96C13397BC}
	EndGlobalSection
EndGlobal
